
Microsoft Visual Studio Solution File, Format Version 11.00
# Visual Studio 2010
Project("{FAE04EC0-301F-11D3-BF4B-00C04F79EFBC}") = "UnityEngine.TestRunner", "UnityEngine.TestRunner.csproj", "{90021086-b56a-d5b0-250b-11b28e409f57}"
EndProject
Project("{FAE04EC0-301F-11D3-BF4B-00C04F79EFBC}") = "UnityEngine.UI", "UnityEngine.UI.csproj", "{b4cab915-43c3-0c89-bcd1-dc938b6bb4e0}"
EndProject
Project("{FAE04EC0-301F-11D3-BF4B-00C04F79EFBC}") = "Unity.TextMeshPro", "Unity.TextMeshPro.csproj", "{defa61bb-4047-339a-97e3-fddca124e36e}"
EndProject
Project("{FAE04EC0-301F-11D3-BF4B-00C04F79EFBC}") = "Unity.Timeline", "Unity.Timeline.csproj", "{e45ba74c-4861-630c-57bc-9fc11dd7a82b}"
EndProject
Project("{FAE04EC0-301F-11D3-BF4B-00C04F79EFBC}") = "Assembly-CSharp", "Assembly-CSharp.csproj", "{67bf964e-8b35-b52e-1206-87dd461b8b34}"
EndProject
Project("{FAE04EC0-301F-11D3-BF4B-00C04F79EFBC}") = "UnityEditor.TestRunner", "UnityEditor.TestRunner.csproj", "{edb58437-f06f-5e27-6202-9563eeb0bf32}"
EndProject
Project("{FAE04EC0-301F-11D3-BF4B-00C04F79EFBC}") = "Unity.TextMeshPro.Editor", "Unity.TextMeshPro.Editor.csproj", "{270c6f7a-d7e5-06eb-8ab5-569fb832ff09}"
EndProject
Project("{FAE04EC0-301F-11D3-BF4B-00C04F79EFBC}") = "Unity.Timeline.Editor", "Unity.Timeline.Editor.csproj", "{52bbb2af-bc02-9820-8cbc-e574621e5c0a}"
EndProject
Project("{FAE04EC0-301F-11D3-BF4B-00C04F79EFBC}") = "UnityEditor.UI", "UnityEditor.UI.csproj", "{44706f89-d718-21d1-1f3a-423cbd1810b6}"
EndProject
Project("{FAE04EC0-301F-11D3-BF4B-00C04F79EFBC}") = "Unity.Rider.Editor", "Unity.Rider.Editor.csproj", "{4ce67a86-fb7a-6d2a-8d5d-984a67e2c16b}"
EndProject
Project("{FAE04EC0-301F-11D3-BF4B-00C04F79EFBC}") = "Unity.CollabProxy.Editor", "Unity.CollabProxy.Editor.csproj", "{a9af2f95-20b6-0117-0273-44e83bd17433}"
EndProject
Project("{FAE04EC0-301F-11D3-BF4B-00C04F79EFBC}") = "Unity.VSCode.Editor", "Unity.VSCode.Editor.csproj", "{aed14190-ec92-6111-fd0f-248dfb10e01f}"
EndProject
Global
	GlobalSection(SolutionConfigurationPlatforms) = preSolution
		Debug|Any CPU = Debug|Any CPU
	EndGlobalSection
	GlobalSection(ProjectConfigurationPlatforms) = postSolution
		{90021086-b56a-d5b0-250b-11b28e409f57}.Debug|Any CPU.ActiveCfg = Debug|Any CPU
		{90021086-b56a-d5b0-250b-11b28e409f57}.Debug|Any CPU.Build.0 = Debug|Any CPU
		{b4cab915-43c3-0c89-bcd1-dc938b6bb4e0}.Debug|Any CPU.ActiveCfg = Debug|Any CPU
		{b4cab915-43c3-0c89-bcd1-dc938b6bb4e0}.Debug|Any CPU.Build.0 = Debug|Any CPU
		{defa61bb-4047-339a-97e3-fddca124e36e}.Debug|Any CPU.ActiveCfg = Debug|Any CPU
		{defa61bb-4047-339a-97e3-fddca124e36e}.Debug|Any CPU.Build.0 = Debug|Any CPU
		{e45ba74c-4861-630c-57bc-9fc11dd7a82b}.Debug|Any CPU.ActiveCfg = Debug|Any CPU
		{e45ba74c-4861-630c-57bc-9fc11dd7a82b}.Debug|Any CPU.Build.0 = Debug|Any CPU
		{67bf964e-8b35-b52e-1206-87dd461b8b34}.Debug|Any CPU.ActiveCfg = Debug|Any CPU
		{67bf964e-8b35-b52e-1206-87dd461b8b34}.Debug|Any CPU.Build.0 = Debug|Any CPU
		{edb58437-f06f-5e27-6202-9563eeb0bf32}.Debug|Any CPU.ActiveCfg = Debug|Any CPU
		{edb58437-f06f-5e27-6202-9563eeb0bf32}.Debug|Any CPU.Build.0 = Debug|Any CPU
		{270c6f7a-d7e5-06eb-8ab5-569fb832ff09}.Debug|Any CPU.ActiveCfg = Debug|Any CPU
		{270c6f7a-d7e5-06eb-8ab5-569fb832ff09}.Debug|Any CPU.Build.0 = Debug|Any CPU
		{52bbb2af-bc02-9820-8cbc-e574621e5c0a}.Debug|Any CPU.ActiveCfg = Debug|Any CPU
		{52bbb2af-bc02-9820-8cbc-e574621e5c0a}.Debug|Any CPU.Build.0 = Debug|Any CPU
		{44706f89-d718-21d1-1f3a-423cbd1810b6}.Debug|Any CPU.ActiveCfg = Debug|Any CPU
		{44706f89-d718-21d1-1f3a-423cbd1810b6}.Debug|Any CPU.Build.0 = Debug|Any CPU
		{4ce67a86-fb7a-6d2a-8d5d-984a67e2c16b}.Debug|Any CPU.ActiveCfg = Debug|Any CPU
		{4ce67a86-fb7a-6d2a-8d5d-984a67e2c16b}.Debug|Any CPU.Build.0 = Debug|Any CPU
		{a9af2f95-20b6-0117-0273-44e83bd17433}.Debug|Any CPU.ActiveCfg = Debug|Any CPU
		{a9af2f95-20b6-0117-0273-44e83bd17433}.Debug|Any CPU.Build.0 = Debug|Any CPU
		{aed14190-ec92-6111-fd0f-248dfb10e01f}.Debug|Any CPU.ActiveCfg = Debug|Any CPU
		{aed14190-ec92-6111-fd0f-248dfb10e01f}.Debug|Any CPU.Build.0 = Debug|Any CPU
	EndGlobalSection
	GlobalSection(SolutionProperties) = preSolution
		HideSolutionNode = FALSE
	EndGlobalSection
EndGlobal
