
Microsoft Visual Studio Solution File, Format Version 11.00
# Visual Studio 2010
Project("{FAE04EC0-301F-11D3-BF4B-00C04F79EFBC}") = "UnityEngine.TestRunner", "UnityEngine.TestRunner.csproj", "{c8175b59-563a-8a17-f119-f486228f3d5e}"
EndProject
Project("{FAE04EC0-301F-11D3-BF4B-00C04F79EFBC}") = "Unity.2D.Animation.Triangle.Runtime", "Unity.2D.Animation.Triangle.Runtime.csproj", "{21a39f54-ad1c-3efe-23c2-0ba1d6f5cae7}"
EndProject
Project("{FAE04EC0-301F-11D3-BF4B-00C04F79EFBC}") = "UnityEngine.UI", "UnityEngine.UI.csproj", "{52eeac0b-12ca-9a77-b59e-af7b54a848ce}"
EndProject
Project("{FAE04EC0-301F-11D3-BF4B-00C04F79EFBC}") = "Unity.TextMeshPro", "Unity.TextMeshPro.csproj", "{c93b7fdf-fa30-59dc-1133-3cc97af987ed}"
EndProject
Project("{FAE04EC0-301F-11D3-BF4B-00C04F79EFBC}") = "Unity.2D.Animation.Runtime", "Unity.2D.Animation.Runtime.csproj", "{cdc39854-0137-030f-30f0-e36ed96e0207}"
EndProject
Project("{FAE04EC0-301F-11D3-BF4B-00C04F79EFBC}") = "Unity.Timeline", "Unity.Timeline.csproj", "{fa4948e4-c774-96da-66ff-b82556dd1124}"
EndProject
Project("{FAE04EC0-301F-11D3-BF4B-00C04F79EFBC}") = "Unity.Mathematics", "Unity.Mathematics.csproj", "{c2d4454d-c9a5-5610-fdff-97913b90c482}"
EndProject
Project("{FAE04EC0-301F-11D3-BF4B-00C04F79EFBC}") = "Unity.2D.SpriteShape.Runtime", "Unity.2D.SpriteShape.Runtime.csproj", "{21efb75e-807a-8637-e41a-c065d357769d}"
EndProject
Project("{FAE04EC0-301F-11D3-BF4B-00C04F79EFBC}") = "Unity.2D.PixelPerfect", "Unity.2D.PixelPerfect.csproj", "{4dfbc695-49c2-0c4b-ba54-7a7548a3c02d}"
EndProject
Project("{FAE04EC0-301F-11D3-BF4B-00C04F79EFBC}") = "Unity.InternalAPIEngineBridge.001", "Unity.InternalAPIEngineBridge.001.csproj", "{662ede9e-5351-bb27-560c-d4b5d0aedfd2}"
EndProject
Project("{FAE04EC0-301F-11D3-BF4B-00C04F79EFBC}") = "Assembly-CSharp", "Assembly-CSharp.csproj", "{c6140fae-cd12-5a01-dfd6-277a2fd5c3df}"
EndProject
Project("{FAE04EC0-301F-11D3-BF4B-00C04F79EFBC}") = "Unity.2D.Common.Runtime", "Unity.2D.Common.Runtime.csproj", "{9f030dce-30bd-d383-bee7-f768f2a2df3f}"
EndProject
Project("{FAE04EC0-301F-11D3-BF4B-00C04F79EFBC}") = "UnityEditor.TestRunner", "UnityEditor.TestRunner.csproj", "{edc0413a-c203-7c46-9d2b-8ef0e87d3146}"
EndProject
Project("{FAE04EC0-301F-11D3-BF4B-00C04F79EFBC}") = "Unity.TextMeshPro.Editor", "Unity.TextMeshPro.Editor.csproj", "{765876da-5530-2eba-0322-6c3ce5937266}"
EndProject
Project("{FAE04EC0-301F-11D3-BF4B-00C04F79EFBC}") = "Unity.Timeline.Editor", "Unity.Timeline.Editor.csproj", "{2054a5eb-4b8d-2bb4-2f6b-49dac2584892}"
EndProject
Project("{FAE04EC0-301F-11D3-BF4B-00C04F79EFBC}") = "Unity.2D.Animation.Editor", "Unity.2D.Animation.Editor.csproj", "{5287fb37-3ca7-eb9c-53ad-bb38c7fce40b}"
EndProject
Project("{FAE04EC0-301F-11D3-BF4B-00C04F79EFBC}") = "Unity.2D.Path.Editor", "Unity.2D.Path.Editor.csproj", "{9099cb3d-66c9-0b52-bf8a-5238d798ef1f}"
EndProject
Project("{FAE04EC0-301F-11D3-BF4B-00C04F79EFBC}") = "Unity.2D.Sprite.Editor", "Unity.2D.Sprite.Editor.csproj", "{8e460878-6699-c146-f904-204804605c85}"
EndProject
Project("{FAE04EC0-301F-11D3-BF4B-00C04F79EFBC}") = "UnityEditor.UI", "UnityEditor.UI.csproj", "{ca2ea9ad-1316-3c60-6bd0-d7232c633a44}"
EndProject
Project("{FAE04EC0-301F-11D3-BF4B-00C04F79EFBC}") = "Unity.Rider.Editor", "Unity.Rider.Editor.csproj", "{c92ce277-d193-a5f2-6d98-d28aad44c7b4}"
EndProject
Project("{FAE04EC0-301F-11D3-BF4B-00C04F79EFBC}") = "Unity.2D.Tilemap.Editor", "Unity.2D.Tilemap.Editor.csproj", "{65b258d2-9449-e2ae-0f1d-09d7df744da7}"
EndProject
Project("{FAE04EC0-301F-11D3-BF4B-00C04F79EFBC}") = "Unity.2D.SpriteShape.Editor", "Unity.2D.SpriteShape.Editor.csproj", "{f1827f40-d877-d23c-bfc5-1f6562511674}"
EndProject
Project("{FAE04EC0-301F-11D3-BF4B-00C04F79EFBC}") = "PsdPlugin", "PsdPlugin.csproj", "{c03afa25-43f3-02c6-0966-f67e8673c69c}"
EndProject
Project("{FAE04EC0-301F-11D3-BF4B-00C04F79EFBC}") = "Unity.CollabProxy.Editor", "Unity.CollabProxy.Editor.csproj", "{089f1f51-00ac-fd52-e2ce-d64ee743043c}"
EndProject
Project("{FAE04EC0-301F-11D3-BF4B-00C04F79EFBC}") = "Unity.2D.Common.Editor", "Unity.2D.Common.Editor.csproj", "{6a687afd-22e8-2ff7-5e25-80e77f5036b9}"
EndProject
Project("{FAE04EC0-301F-11D3-BF4B-00C04F79EFBC}") = "Unity.VSCode.Editor", "Unity.VSCode.Editor.csproj", "{2dbaae94-816a-039b-6a45-894cc26ec7ce}"
EndProject
Project("{FAE04EC0-301F-11D3-BF4B-00C04F79EFBC}") = "Unity.2D.Psdimporter.Editor", "Unity.2D.Psdimporter.Editor.csproj", "{1ffb4f1c-5f7e-6a11-c273-d723b9eecc41}"
EndProject
Project("{FAE04EC0-301F-11D3-BF4B-00C04F79EFBC}") = "Unity.2D.PixelPerfect.Editor", "Unity.2D.PixelPerfect.Editor.csproj", "{f71155f2-08ea-0e4b-f3fb-d376767a475a}"
EndProject
Project("{FAE04EC0-301F-11D3-BF4B-00C04F79EFBC}") = "Unity.Mathematics.Editor", "Unity.Mathematics.Editor.csproj", "{017e947e-23f3-41d0-6c06-e6849edb2a5c}"
EndProject
Project("{FAE04EC0-301F-11D3-BF4B-00C04F79EFBC}") = "Unity.InternalAPIEditorBridge.001", "Unity.InternalAPIEditorBridge.001.csproj", "{8000dd56-b01d-1461-2e9e-4232d8efff34}"
EndProject
Global
	GlobalSection(SolutionConfigurationPlatforms) = preSolution
		Debug|Any CPU = Debug|Any CPU
	EndGlobalSection
	GlobalSection(ProjectConfigurationPlatforms) = postSolution
		{c8175b59-563a-8a17-f119-f486228f3d5e}.Debug|Any CPU.ActiveCfg = Debug|Any CPU
		{c8175b59-563a-8a17-f119-f486228f3d5e}.Debug|Any CPU.Build.0 = Debug|Any CPU
		{21a39f54-ad1c-3efe-23c2-0ba1d6f5cae7}.Debug|Any CPU.ActiveCfg = Debug|Any CPU
		{21a39f54-ad1c-3efe-23c2-0ba1d6f5cae7}.Debug|Any CPU.Build.0 = Debug|Any CPU
		{52eeac0b-12ca-9a77-b59e-af7b54a848ce}.Debug|Any CPU.ActiveCfg = Debug|Any CPU
		{52eeac0b-12ca-9a77-b59e-af7b54a848ce}.Debug|Any CPU.Build.0 = Debug|Any CPU
		{c93b7fdf-fa30-59dc-1133-3cc97af987ed}.Debug|Any CPU.ActiveCfg = Debug|Any CPU
		{c93b7fdf-fa30-59dc-1133-3cc97af987ed}.Debug|Any CPU.Build.0 = Debug|Any CPU
		{cdc39854-0137-030f-30f0-e36ed96e0207}.Debug|Any CPU.ActiveCfg = Debug|Any CPU
		{cdc39854-0137-030f-30f0-e36ed96e0207}.Debug|Any CPU.Build.0 = Debug|Any CPU
		{fa4948e4-c774-96da-66ff-b82556dd1124}.Debug|Any CPU.ActiveCfg = Debug|Any CPU
		{fa4948e4-c774-96da-66ff-b82556dd1124}.Debug|Any CPU.Build.0 = Debug|Any CPU
		{c2d4454d-c9a5-5610-fdff-97913b90c482}.Debug|Any CPU.ActiveCfg = Debug|Any CPU
		{c2d4454d-c9a5-5610-fdff-97913b90c482}.Debug|Any CPU.Build.0 = Debug|Any CPU
		{21efb75e-807a-8637-e41a-c065d357769d}.Debug|Any CPU.ActiveCfg = Debug|Any CPU
		{21efb75e-807a-8637-e41a-c065d357769d}.Debug|Any CPU.Build.0 = Debug|Any CPU
		{4dfbc695-49c2-0c4b-ba54-7a7548a3c02d}.Debug|Any CPU.ActiveCfg = Debug|Any CPU
		{4dfbc695-49c2-0c4b-ba54-7a7548a3c02d}.Debug|Any CPU.Build.0 = Debug|Any CPU
		{662ede9e-5351-bb27-560c-d4b5d0aedfd2}.Debug|Any CPU.ActiveCfg = Debug|Any CPU
		{662ede9e-5351-bb27-560c-d4b5d0aedfd2}.Debug|Any CPU.Build.0 = Debug|Any CPU
		{c6140fae-cd12-5a01-dfd6-277a2fd5c3df}.Debug|Any CPU.ActiveCfg = Debug|Any CPU
		{c6140fae-cd12-5a01-dfd6-277a2fd5c3df}.Debug|Any CPU.Build.0 = Debug|Any CPU
		{9f030dce-30bd-d383-bee7-f768f2a2df3f}.Debug|Any CPU.ActiveCfg = Debug|Any CPU
		{9f030dce-30bd-d383-bee7-f768f2a2df3f}.Debug|Any CPU.Build.0 = Debug|Any CPU
		{edc0413a-c203-7c46-9d2b-8ef0e87d3146}.Debug|Any CPU.ActiveCfg = Debug|Any CPU
		{edc0413a-c203-7c46-9d2b-8ef0e87d3146}.Debug|Any CPU.Build.0 = Debug|Any CPU
		{765876da-5530-2eba-0322-6c3ce5937266}.Debug|Any CPU.ActiveCfg = Debug|Any CPU
		{765876da-5530-2eba-0322-6c3ce5937266}.Debug|Any CPU.Build.0 = Debug|Any CPU
		{2054a5eb-4b8d-2bb4-2f6b-49dac2584892}.Debug|Any CPU.ActiveCfg = Debug|Any CPU
		{2054a5eb-4b8d-2bb4-2f6b-49dac2584892}.Debug|Any CPU.Build.0 = Debug|Any CPU
		{5287fb37-3ca7-eb9c-53ad-bb38c7fce40b}.Debug|Any CPU.ActiveCfg = Debug|Any CPU
		{5287fb37-3ca7-eb9c-53ad-bb38c7fce40b}.Debug|Any CPU.Build.0 = Debug|Any CPU
		{9099cb3d-66c9-0b52-bf8a-5238d798ef1f}.Debug|Any CPU.ActiveCfg = Debug|Any CPU
		{9099cb3d-66c9-0b52-bf8a-5238d798ef1f}.Debug|Any CPU.Build.0 = Debug|Any CPU
		{8e460878-6699-c146-f904-204804605c85}.Debug|Any CPU.ActiveCfg = Debug|Any CPU
		{8e460878-6699-c146-f904-204804605c85}.Debug|Any CPU.Build.0 = Debug|Any CPU
		{ca2ea9ad-1316-3c60-6bd0-d7232c633a44}.Debug|Any CPU.ActiveCfg = Debug|Any CPU
		{ca2ea9ad-1316-3c60-6bd0-d7232c633a44}.Debug|Any CPU.Build.0 = Debug|Any CPU
		{c92ce277-d193-a5f2-6d98-d28aad44c7b4}.Debug|Any CPU.ActiveCfg = Debug|Any CPU
		{c92ce277-d193-a5f2-6d98-d28aad44c7b4}.Debug|Any CPU.Build.0 = Debug|Any CPU
		{65b258d2-9449-e2ae-0f1d-09d7df744da7}.Debug|Any CPU.ActiveCfg = Debug|Any CPU
		{65b258d2-9449-e2ae-0f1d-09d7df744da7}.Debug|Any CPU.Build.0 = Debug|Any CPU
		{f1827f40-d877-d23c-bfc5-1f6562511674}.Debug|Any CPU.ActiveCfg = Debug|Any CPU
		{f1827f40-d877-d23c-bfc5-1f6562511674}.Debug|Any CPU.Build.0 = Debug|Any CPU
		{c03afa25-43f3-02c6-0966-f67e8673c69c}.Debug|Any CPU.ActiveCfg = Debug|Any CPU
		{c03afa25-43f3-02c6-0966-f67e8673c69c}.Debug|Any CPU.Build.0 = Debug|Any CPU
		{089f1f51-00ac-fd52-e2ce-d64ee743043c}.Debug|Any CPU.ActiveCfg = Debug|Any CPU
		{089f1f51-00ac-fd52-e2ce-d64ee743043c}.Debug|Any CPU.Build.0 = Debug|Any CPU
		{6a687afd-22e8-2ff7-5e25-80e77f5036b9}.Debug|Any CPU.ActiveCfg = Debug|Any CPU
		{6a687afd-22e8-2ff7-5e25-80e77f5036b9}.Debug|Any CPU.Build.0 = Debug|Any CPU
		{2dbaae94-816a-039b-6a45-894cc26ec7ce}.Debug|Any CPU.ActiveCfg = Debug|Any CPU
		{2dbaae94-816a-039b-6a45-894cc26ec7ce}.Debug|Any CPU.Build.0 = Debug|Any CPU
		{1ffb4f1c-5f7e-6a11-c273-d723b9eecc41}.Debug|Any CPU.ActiveCfg = Debug|Any CPU
		{1ffb4f1c-5f7e-6a11-c273-d723b9eecc41}.Debug|Any CPU.Build.0 = Debug|Any CPU
		{f71155f2-08ea-0e4b-f3fb-d376767a475a}.Debug|Any CPU.ActiveCfg = Debug|Any CPU
		{f71155f2-08ea-0e4b-f3fb-d376767a475a}.Debug|Any CPU.Build.0 = Debug|Any CPU
		{017e947e-23f3-41d0-6c06-e6849edb2a5c}.Debug|Any CPU.ActiveCfg = Debug|Any CPU
		{017e947e-23f3-41d0-6c06-e6849edb2a5c}.Debug|Any CPU.Build.0 = Debug|Any CPU
		{8000dd56-b01d-1461-2e9e-4232d8efff34}.Debug|Any CPU.ActiveCfg = Debug|Any CPU
		{8000dd56-b01d-1461-2e9e-4232d8efff34}.Debug|Any CPU.Build.0 = Debug|Any CPU
	EndGlobalSection
	GlobalSection(SolutionProperties) = preSolution
		HideSolutionNode = FALSE
	EndGlobalSection
EndGlobal
